
Microsoft Visual Studio Solution File, Format Version 12.00
# Visual Studio Version 16
VisualStudioVersion = 16.0.30204.135
MinimumVisualStudioVersion = 10.0.40219.1
Project("{FAE04EC0-301F-11D3-BF4B-00C04F79EFBC}") = "Greatness Mods [Roblox Executor]", "Greatness Mods [Roblox Executor]\Greatness Mods [Roblox Executor].csproj", "{7558394E-3090-43AB-BD6F-3E7D8BB0DA8E}"
EndProject
Global
	GlobalSection(SolutionConfigurationPlatforms) = preSolution
		Debug|Any CPU = Debug|Any CPU
		Release|Any CPU = Release|Any CPU
	EndGlobalSection
	GlobalSection(ProjectConfigurationPlatforms) = postSolution
		{7558394E-3090-43AB-BD6F-3E7D8BB0DA8E}.Debug|Any CPU.ActiveCfg = Debug|Any CPU
		{7558394E-3090-43AB-BD6F-3E7D8BB0DA8E}.Debug|Any CPU.Build.0 = Debug|Any CPU
		{7558394E-3090-43AB-BD6F-3E7D8BB0DA8E}.Release|Any CPU.ActiveCfg = Release|Any CPU
		{7558394E-3090-43AB-BD6F-3E7D8BB0DA8E}.Release|Any CPU.Build.0 = Release|Any CPU
	EndGlobalSection
	GlobalSection(SolutionProperties) = preSolution
		HideSolutionNode = FALSE
	EndGlobalSection
	GlobalSection(ExtensibilityGlobals) = postSolution
		SolutionGuid = {C2A3ADB5-75D8-4EA4-A4ED-D3A85DFB59BF}
	EndGlobalSection
EndGlobal
